
Microsoft Visual Studio Solution File, Format Version 12.00
# Visual Studio Version 16
VisualStudioVersion = 16.0.28922.388
MinimumVisualStudioVersion = 10.0.40219.1
Project("{FAE04EC0-301F-11D3-BF4B-00C04F79EFBC}") = "GameStore.Domain", "GameStore.Domain\GameStore.Domain.csproj", "{1DF98C31-2039-46D1-8B93-643C741BA329}"
EndProject
Project("{FAE04EC0-301F-11D3-BF4B-00C04F79EFBC}") = "GameStore.UnitTests", "GameStore.UnitTests\GameStore.UnitTests.csproj", "{BE7E751E-2859-47BA-8DFE-17F4B8F6F36E}"
EndProject
Project("{FAE04EC0-301F-11D3-BF4B-00C04F79EFBC}") = "GameStore.WebUI", "GameStore.WebUI\GameStore.WebUI.csproj", "{F5FB989D-6FFD-456C-8609-1F580F12306A}"
EndProject
Global
	GlobalSection(SolutionConfigurationPlatforms) = preSolution
		Debug|Any CPU = Debug|Any CPU
		Release|Any CPU = Release|Any CPU
	EndGlobalSection
	GlobalSection(ProjectConfigurationPlatforms) = postSolution
		{1DF98C31-2039-46D1-8B93-643C741BA329}.Debug|Any CPU.ActiveCfg = Debug|Any CPU
		{1DF98C31-2039-46D1-8B93-643C741BA329}.Debug|Any CPU.Build.0 = Debug|Any CPU
		{1DF98C31-2039-46D1-8B93-643C741BA329}.Release|Any CPU.ActiveCfg = Release|Any CPU
		{1DF98C31-2039-46D1-8B93-643C741BA329}.Release|Any CPU.Build.0 = Release|Any CPU
		{BE7E751E-2859-47BA-8DFE-17F4B8F6F36E}.Debug|Any CPU.ActiveCfg = Debug|Any CPU
		{BE7E751E-2859-47BA-8DFE-17F4B8F6F36E}.Debug|Any CPU.Build.0 = Debug|Any CPU
		{BE7E751E-2859-47BA-8DFE-17F4B8F6F36E}.Release|Any CPU.ActiveCfg = Release|Any CPU
		{BE7E751E-2859-47BA-8DFE-17F4B8F6F36E}.Release|Any CPU.Build.0 = Release|Any CPU
		{F5FB989D-6FFD-456C-8609-1F580F12306A}.Debug|Any CPU.ActiveCfg = Debug|Any CPU
		{F5FB989D-6FFD-456C-8609-1F580F12306A}.Debug|Any CPU.Build.0 = Debug|Any CPU
		{F5FB989D-6FFD-456C-8609-1F580F12306A}.Release|Any CPU.ActiveCfg = Release|Any CPU
		{F5FB989D-6FFD-456C-8609-1F580F12306A}.Release|Any CPU.Build.0 = Release|Any CPU
	EndGlobalSection
	GlobalSection(SolutionProperties) = preSolution
		HideSolutionNode = FALSE
	EndGlobalSection
	GlobalSection(ExtensibilityGlobals) = postSolution
		SolutionGuid = {EE3AED19-3F94-416D-99EC-828D59229F57}
	EndGlobalSection
EndGlobal
